Microsoft Visual Studio Solution File, Format Version 12.00
# Visual Studio Version 17
VisualStudioVersion = 17.5.2.0
MinimumVisualStudioVersion = 10.0.40219.1
Project("{FAE04EC0-301F-11D3-BF4B-00C04F79EFBC}") = "DollOverlay", "DollOverlay.csproj", "{09E4A3E5-94A9-1E00-8C5F-09736E500523}"
EndProject
Global
	GlobalSection(SolutionConfigurationPlatforms) = preSolution
		Debug|Any CPU = Debug|Any CPU
		Release|Any CPU = Release|Any CPU
	EndGlobalSection
	GlobalSection(ProjectConfigurationPlatforms) = postSolution
		{09E4A3E5-94A9-1E00-8C5F-09736E500523}.Debug|Any CPU.ActiveCfg = Debug|Any CPU
		{09E4A3E5-94A9-1E00-8C5F-09736E500523}.Debug|Any CPU.Build.0 = Debug|Any CPU
		{09E4A3E5-94A9-1E00-8C5F-09736E500523}.Release|Any CPU.ActiveCfg = Release|Any CPU
		{09E4A3E5-94A9-1E00-8C5F-09736E500523}.Release|Any CPU.Build.0 = Release|Any CPU
	EndGlobalSection
	GlobalSection(SolutionProperties) = preSolution
		HideSolutionNode = FALSE
	EndGlobalSection
	GlobalSection(ExtensibilityGlobals) = postSolution
		SolutionGuid = {0B89DF51-FAE1-47DF-8FA8-5FB19B141BEE}
	EndGlobalSection
EndGlobal
